// !$*UTF8*$!
{
	archiveVersion = 1;
	classes = {
	};
	objectVersion = 56;
	objects = {

/* Begin PBXBuildFile section */
		0F19C9CA303BA74EA21702AD /* Pods_ios_nulp_schedule.framework in Frameworks */ = {isa = PBXBuildFile; fileRef = 4E89AD667B18A452566729A0 /* Pods_ios_nulp_schedule.framework */; };
		CA5E383E28F9A47A00969B85 /* Assets.xcassets in Resources */ = {isa = PBXBuildFile; fileRef = CA5E383D28F9A47A00969B85 /* Assets.xcassets */; };
		CA5E384128F9A47A00969B85 /* LaunchScreen.storyboard in Resources */ = {isa = PBXBuildFile; fileRef = CA5E383F28F9A47A00969B85 /* LaunchScreen.storyboard */; };
		CA5E384928F9A93300969B85 /* Podfile in Resources */ = {isa = PBXBuildFile; fileRef = CA5E384828F9A93300969B85 /* Podfile */; };
		CA5E384B28F9B12F00969B85 /* .gitignore in Resources */ = {isa = PBXBuildFile; fileRef = CA5E384A28F9B12F00969B85 /* .gitignore */; };
		CA5E385828F9B58D00969B85 /* AppDelegate.swift in Sources */ = {isa = PBXBuildFile; fileRef = CA5E385728F9B58D00969B85 /* AppDelegate.swift */; };
		CA5E385A28F9B58E00969B85 /* CoreViewController.swift in Sources */ = {isa = PBXBuildFile; fileRef = CA5E385928F9B58E00969B85 /* CoreViewController.swift */; };
		CA5E386128F9BDA400969B85 /* UIColor+Extensions.swift in Sources */ = {isa = PBXBuildFile; fileRef = CA5E386028F9BDA400969B85 /* UIColor+Extensions.swift */; };
		CA5E386328F9BE2D00969B85 /* CoordinatorProtocol.swift in Sources */ = {isa = PBXBuildFile; fileRef = CA5E386228F9BE2D00969B85 /* CoordinatorProtocol.swift */; };
		CA5E386528F9BE5B00969B85 /* NavigationControllerProtocol.swift in Sources */ = {isa = PBXBuildFile; fileRef = CA5E386428F9BE5B00969B85 /* NavigationControllerProtocol.swift */; };
		CA5E386928F9C03F00969B85 /* ViewModelProtocol.swift in Sources */ = {isa = PBXBuildFile; fileRef = CA5E386828F9C03F00969B85 /* ViewModelProtocol.swift */; };
		CA5E386B28F9C06D00969B85 /* ViewModel.swift in Sources */ = {isa = PBXBuildFile; fileRef = CA5E386A28F9C06D00969B85 /* ViewModel.swift */; };
		CA5E386D28F9C0A200969B85 /* OriginCoordinator.swift in Sources */ = {isa = PBXBuildFile; fileRef = CA5E386C28F9C0A200969B85 /* OriginCoordinator.swift */; };
		CA5E386F28F9C14C00969B85 /* NavigationController.swift in Sources */ = {isa = PBXBuildFile; fileRef = CA5E386E28F9C14C00969B85 /* NavigationController.swift */; };
		CA5E387128F9C3D300969B85 /* DataSource.swift in Sources */ = {isa = PBXBuildFile; fileRef = CA5E387028F9C3D300969B85 /* DataSource.swift */; };
		CA5E387428F9C40A00969B85 /* ServiceProvider.swift in Sources */ = {isa = PBXBuildFile; fileRef = CA5E387328F9C40A00969B85 /* ServiceProvider.swift */; };
		CA5E387728F9C47C00969B85 /* ServiceProviderType.swift in Sources */ = {isa = PBXBuildFile; fileRef = CA5E387628F9C47C00969B85 /* ServiceProviderType.swift */; };
/* End PBXBuildFile section */

/* Begin PBXFileReference section */
		4E89AD667B18A452566729A0 /* Pods_ios_nulp_schedule.framework */ = {isa = PBXFileReference; explicitFileType = wrapper.framework; includeInIndex = 0; path = Pods_ios_nulp_schedule.framework; sourceTree = BUILT_PRODUCTS_DIR; };
		9BD87BCF4D39E3289C8AC9BF /* Pods-ios-nulp-schedule.debug.xcconfig */ = {isa = PBXFileReference; includeInIndex = 1; lastKnownFileType = text.xcconfig; name = "Pods-ios-nulp-schedule.debug.xcconfig"; path = "Target Support Files/Pods-ios-nulp-schedule/Pods-ios-nulp-schedule.debug.xcconfig"; sourceTree = "<group>"; };
		CA5E383128F9A47800969B85 /* ios-nulp-schedule.app */ = {isa = PBXFileReference; explicitFileType = wrapper.application; includeInIndex = 0; path = "ios-nulp-schedule.app"; sourceTree = BUILT_PRODUCTS_DIR; };
		CA5E383D28F9A47A00969B85 /* Assets.xcassets */ = {isa = PBXFileReference; lastKnownFileType = folder.assetcatalog; path = Assets.xcassets; sourceTree = "<group>"; };
		CA5E384028F9A47A00969B85 /* Base */ = {isa = PBXFileReference; lastKnownFileType = file.storyboard; name = Base; path = Base.lproj/LaunchScreen.storyboard; sourceTree = "<group>"; };
		CA5E384228F9A47A00969B85 /* Info.plist */ = {isa = PBXFileReference; lastKnownFileType = text.plist.xml; path = Info.plist; sourceTree = "<group>"; };
		CA5E384828F9A93300969B85 /* Podfile */ = {isa = PBXFileReference; lastKnownFileType = text; path = Podfile; sourceTree = "<group>"; xcLanguageSpecificationIdentifier = xcode.lang.ruby; };
		CA5E384A28F9B12F00969B85 /* .gitignore */ = {isa = PBXFileReference; lastKnownFileType = text; path = .gitignore; sourceTree = "<group>"; };
		CA5E385728F9B58D00969B85 /* AppDelegate.swift */ = {isa = PBXFileReference; lastKnownFileType = sourcecode.swift; path = AppDelegate.swift; sourceTree = "<group>"; };
		CA5E385928F9B58E00969B85 /* CoreViewController.swift */ = {isa = PBXFileReference; lastKnownFileType = sourcecode.swift; path = CoreViewController.swift; sourceTree = "<group>"; };
		CA5E386028F9BDA400969B85 /* UIColor+Extensions.swift */ = {isa = PBXFileReference; lastKnownFileType = sourcecode.swift; path = "UIColor+Extensions.swift"; sourceTree = "<group>"; };
		CA5E386228F9BE2D00969B85 /* CoordinatorProtocol.swift */ = {isa = PBXFileReference; lastKnownFileType = sourcecode.swift; path = CoordinatorProtocol.swift; sourceTree = "<group>"; };
		CA5E386428F9BE5B00969B85 /* NavigationControllerProtocol.swift */ = {isa = PBXFileReference; lastKnownFileType = sourcecode.swift; path = NavigationControllerProtocol.swift; sourceTree = "<group>"; };
		CA5E386828F9C03F00969B85 /* ViewModelProtocol.swift */ = {isa = PBXFileReference; lastKnownFileType = sourcecode.swift; path = ViewModelProtocol.swift; sourceTree = "<group>"; };
		CA5E386A28F9C06D00969B85 /* ViewModel.swift */ = {isa = PBXFileReference; lastKnownFileType = sourcecode.swift; path = ViewModel.swift; sourceTree = "<group>"; };
		CA5E386C28F9C0A200969B85 /* OriginCoordinator.swift */ = {isa = PBXFileReference; lastKnownFileType = sourcecode.swift; path = OriginCoordinator.swift; sourceTree = "<group>"; };
		CA5E386E28F9C14C00969B85 /* NavigationController.swift */ = {isa = PBXFileReference; lastKnownFileType = sourcecode.swift; path = NavigationController.swift; sourceTree = "<group>"; };
		CA5E387028F9C3D300969B85 /* DataSource.swift */ = {isa = PBXFileReference; lastKnownFileType = sourcecode.swift; path = DataSource.swift; sourceTree = "<group>"; };
		CA5E387328F9C40A00969B85 /* ServiceProvider.swift */ = {isa = PBXFileReference; lastKnownFileType = sourcecode.swift; path = ServiceProvider.swift; sourceTree = "<group>"; };
		CA5E387628F9C47C00969B85 /* ServiceProviderType.swift */ = {isa = PBXFileReference; lastKnownFileType = sourcecode.swift; path = ServiceProviderType.swift; sourceTree = "<group>"; };
		EB7A1399D592E9DA9FC7BAC0 /* Pods-ios-nulp-schedule.release.xcconfig */ = {isa = PBXFileReference; includeInIndex = 1; lastKnownFileType = text.xcconfig; name = "Pods-ios-nulp-schedule.release.xcconfig"; path = "Target Support Files/Pods-ios-nulp-schedule/Pods-ios-nulp-schedule.release.xcconfig"; sourceTree = "<group>"; };
/* End PBXFileReference section */

/* Begin PBXFrameworksBuildPhase section */
		CA5E382E28F9A47800969B85 /* Frameworks */ = {
			isa = PBXFrameworksBuildPhase;
			buildActionMask = 2147483647;
			files = (
				0F19C9CA303BA74EA21702AD /* Pods_ios_nulp_schedule.framework in Frameworks */,
			);
			runOnlyForDeploymentPostprocessing = 0;
		};
/* End PBXFrameworksBuildPhase section */

/* Begin PBXGroup section */
		1ADD482AE010262C82575D0D /* Frameworks */ = {
			isa = PBXGroup;
			children = (
				4E89AD667B18A452566729A0 /* Pods_ios_nulp_schedule.framework */,
			);
			name = Frameworks;
			sourceTree = "<group>";
		};
		A382FDBA6F35AF1C51F1726E /* Pods */ = {
			isa = PBXGroup;
			children = (
				9BD87BCF4D39E3289C8AC9BF /* Pods-ios-nulp-schedule.debug.xcconfig */,
				EB7A1399D592E9DA9FC7BAC0 /* Pods-ios-nulp-schedule.release.xcconfig */,
			);
			path = Pods;
			sourceTree = "<group>";
		};
		CA5E382828F9A47800969B85 = {
			isa = PBXGroup;
			children = (
				CA5E384A28F9B12F00969B85 /* .gitignore */,
				CA5E384828F9A93300969B85 /* Podfile */,
				CA5E383328F9A47800969B85 /* ios-nulp-schedule */,
				CA5E383228F9A47800969B85 /* Products */,
				A382FDBA6F35AF1C51F1726E /* Pods */,
				1ADD482AE010262C82575D0D /* Frameworks */,
			);
			sourceTree = "<group>";
		};
		CA5E383228F9A47800969B85 /* Products */ = {
			isa = PBXGroup;
			children = (
				CA5E383128F9A47800969B85 /* ios-nulp-schedule.app */,
			);
			name = Products;
			sourceTree = "<group>";
		};
		CA5E383328F9A47800969B85 /* ios-nulp-schedule */ = {
			isa = PBXGroup;
			children = (
				CA5E385B28F9B59A00969B85 /* Sources */,
				CA5E383D28F9A47A00969B85 /* Assets.xcassets */,
				CA5E383F28F9A47A00969B85 /* LaunchScreen.storyboard */,
				CA5E384228F9A47A00969B85 /* Info.plist */,
			);
			path = "ios-nulp-schedule";
			sourceTree = "<group>";
		};
		CA5E385B28F9B59A00969B85 /* Sources */ = {
			isa = PBXGroup;
			children = (
				CA5E385D28F9B5B500969B85 /* UI */,
				CA5E385C28F9B5B000969B85 /* Model */,
			);
			path = Sources;
			sourceTree = "<group>";
		};
		CA5E385C28F9B5B000969B85 /* Model */ = {
			isa = PBXGroup;
			children = (
				CA5E387228F9C3F800969B85 /* Services */,
				CA5E386728F9C02B00969B85 /* Protocols */,
				CA5E386A28F9C06D00969B85 /* ViewModel.swift */,
				CA5E387028F9C3D300969B85 /* DataSource.swift */,
			);
			path = Model;
			sourceTree = "<group>";
		};
		CA5E385D28F9B5B500969B85 /* UI */ = {
			isa = PBXGroup;
			children = (
				CA5E385F28F9BD9500969B85 /* Extensions */,
				CA5E385728F9B58D00969B85 /* AppDelegate.swift */,
				CA5E385E28F9B5BA00969B85 /* Core */,
			);
			path = UI;
			sourceTree = "<group>";
		};
		CA5E385E28F9B5BA00969B85 /* Core */ = {
			isa = PBXGroup;
			children = (
				CA5E386628F9BFFC00969B85 /* Protocols */,
				CA5E385928F9B58E00969B85 /* CoreViewController.swift */,
				CA5E386C28F9C0A200969B85 /* OriginCoordinator.swift */,
				CA5E386E28F9C14C00969B85 /* NavigationController.swift */,
			);
			path = Core;
			sourceTree = "<group>";
		};
		CA5E385F28F9BD9500969B85 /* Extensions */ = {
			isa = PBXGroup;
			children = (
				CA5E386028F9BDA400969B85 /* UIColor+Extensions.swift */,
			);
			path = Extensions;
			sourceTree = "<group>";
		};
		CA5E386628F9BFFC00969B85 /* Protocols */ = {
			isa = PBXGroup;
			children = (
				CA5E386428F9BE5B00969B85 /* NavigationControllerProtocol.swift */,
				CA5E386228F9BE2D00969B85 /* CoordinatorProtocol.swift */,
			);
			path = Protocols;
			sourceTree = "<group>";
		};
		CA5E386728F9C02B00969B85 /* Protocols */ = {
			isa = PBXGroup;
			children = (
				CA5E386828F9C03F00969B85 /* ViewModelProtocol.swift */,
			);
			path = Protocols;
			sourceTree = "<group>";
		};
		CA5E387228F9C3F800969B85 /* Services */ = {
			isa = PBXGroup;
			children = (
				CA5E387528F9C40F00969B85 /* Protocols */,
				CA5E387328F9C40A00969B85 /* ServiceProvider.swift */,
			);
			path = Services;
			sourceTree = "<group>";
		};
		CA5E387528F9C40F00969B85 /* Protocols */ = {
			isa = PBXGroup;
			children = (
				CA5E387628F9C47C00969B85 /* ServiceProviderType.swift */,
			);
			path = Protocols;
			sourceTree = "<group>";
		};
/* End PBXGroup section */

/* Begin PBXNativeTarget section */
		CA5E383028F9A47800969B85 /* ios-nulp-schedule */ = {
			isa = PBXNativeTarget;
			buildConfigurationList = CA5E384528F9A47A00969B85 /* Build configuration list for PBXNativeTarget "ios-nulp-schedule" */;
			buildPhases = (
				BF9DFB956168D8AA7005878E /* [CP] Check Pods Manifest.lock */,
				CA5E382D28F9A47800969B85 /* Sources */,
				CA5E382E28F9A47800969B85 /* Frameworks */,
				CA5E382F28F9A47800969B85 /* Resources */,
				E8999CFDFAA5345E3D7861CB /* [CP] Embed Pods Frameworks */,
			);
			buildRules = (
			);
			dependencies = (
			);
			name = "ios-nulp-schedule";
			productName = "ios-nulp-schedule";
			productReference = CA5E383128F9A47800969B85 /* ios-nulp-schedule.app */;
			productType = "com.apple.product-type.application";
		};
/* End PBXNativeTarget section */

/* Begin PBXProject section */
		CA5E382928F9A47800969B85 /* Project object */ = {
			isa = PBXProject;
			attributes = {
				BuildIndependentTargetsInParallel = 1;
				LastSwiftUpdateCheck = 1400;
				LastUpgradeCheck = 1400;
				TargetAttributes = {
					CA5E383028F9A47800969B85 = {
						CreatedOnToolsVersion = 14.0.1;
					};
				};
			};
			buildConfigurationList = CA5E382C28F9A47800969B85 /* Build configuration list for PBXProject "ios-nulp-schedule" */;
			compatibilityVersion = "Xcode 14.0";
			developmentRegion = en;
			hasScannedForEncodings = 0;
			knownRegions = (
				en,
				Base,
			);
			mainGroup = CA5E382828F9A47800969B85;
			productRefGroup = CA5E383228F9A47800969B85 /* Products */;
			projectDirPath = "";
			projectRoot = "";
			targets = (
				CA5E383028F9A47800969B85 /* ios-nulp-schedule */,
			);
		};
/* End PBXProject section */

/* Begin PBXResourcesBuildPhase section */
		CA5E382F28F9A47800969B85 /* Resources */ = {
			isa = PBXResourcesBuildPhase;
			buildActionMask = 2147483647;
			files = (
				CA5E384B28F9B12F00969B85 /* .gitignore in Resources */,
				CA5E384128F9A47A00969B85 /* LaunchScreen.storyboard in Resources */,
				CA5E383E28F9A47A00969B85 /* Assets.xcassets in Resources */,
				CA5E384928F9A93300969B85 /* Podfile in Resources */,
			);
			runOnlyForDeploymentPostprocessing = 0;
		};
/* End PBXResourcesBuildPhase section */

/* Begin PBXShellScriptBuildPhase section */
		BF9DFB956168D8AA7005878E /* [CP] Check Pods Manifest.lock */ = {
			isa = PBXShellScriptBuildPhase;
			buildActionMask = 2147483647;
			files = (
			);
			inputFileListPaths = (
			);
			inputPaths = (
				"${PODS_PODFILE_DIR_PATH}/Podfile.lock",
				"${PODS_ROOT}/Manifest.lock",
			);
			name = "[CP] Check Pods Manifest.lock";
			outputFileListPaths = (
			);
			outputPaths = (
				"$(DERIVED_FILE_DIR)/Pods-ios-nulp-schedule-checkManifestLockResult.txt",
			);
			runOnlyForDeploymentPostprocessing = 0;
			shellPath = /bin/sh;
			shellScript = "diff \"${PODS_PODFILE_DIR_PATH}/Podfile.lock\" \"${PODS_ROOT}/Manifest.lock\" > /dev/null\nif [ $? != 0 ] ; then\n    # print error to STDERR\n    echo \"error: The sandbox is not in sync with the Podfile.lock. Run 'pod install' or update your CocoaPods installation.\" >&2\n    exit 1\nfi\n# This output is used by Xcode 'outputs' to avoid re-running this script phase.\necho \"SUCCESS\" > \"${SCRIPT_OUTPUT_FILE_0}\"\n";
			showEnvVarsInLog = 0;
		};
		E8999CFDFAA5345E3D7861CB /* [CP] Embed Pods Frameworks */ = {
			isa = PBXShellScriptBuildPhase;
			buildActionMask = 2147483647;
			files = (
			);
			inputFileListPaths = (
				"${PODS_ROOT}/Target Support Files/Pods-ios-nulp-schedule/Pods-ios-nulp-schedule-frameworks-${CONFIGURATION}-input-files.xcfilelist",
			);
			name = "[CP] Embed Pods Frameworks";
			outputFileListPaths = (
				"${PODS_ROOT}/Target Support Files/Pods-ios-nulp-schedule/Pods-ios-nulp-schedule-frameworks-${CONFIGURATION}-output-files.xcfilelist",
			);
			runOnlyForDeploymentPostprocessing = 0;
			shellPath = /bin/sh;
			shellScript = "\"${PODS_ROOT}/Target Support Files/Pods-ios-nulp-schedule/Pods-ios-nulp-schedule-frameworks.sh\"\n";
			showEnvVarsInLog = 0;
		};
/* End PBXShellScriptBuildPhase section */

/* Begin PBXSourcesBuildPhase section */
		CA5E382D28F9A47800969B85 /* Sources */ = {
			isa = PBXSourcesBuildPhase;
			buildActionMask = 2147483647;
			files = (
				CA5E385A28F9B58E00969B85 /* CoreViewController.swift in Sources */,
				CA5E386128F9BDA400969B85 /* UIColor+Extensions.swift in Sources */,
				CA5E386928F9C03F00969B85 /* ViewModelProtocol.swift in Sources */,
				CA5E386328F9BE2D00969B85 /* CoordinatorProtocol.swift in Sources */,
				CA5E386F28F9C14C00969B85 /* NavigationController.swift in Sources */,
				CA5E385828F9B58D00969B85 /* AppDelegate.swift in Sources */,
				CA5E386528F9BE5B00969B85 /* NavigationControllerProtocol.swift in Sources */,
				CA5E386D28F9C0A200969B85 /* OriginCoordinator.swift in Sources */,
				CA5E387128F9C3D300969B85 /* DataSource.swift in Sources */,
				CA5E387428F9C40A00969B85 /* ServiceProvider.swift in Sources */,
				CA5E387728F9C47C00969B85 /* ServiceProviderType.swift in Sources */,
				CA5E386B28F9C06D00969B85 /* ViewModel.swift in Sources */,
			);
			runOnlyForDeploymentPostprocessing = 0;
		};
/* End PBXSourcesBuildPhase section */

/* Begin PBXVariantGroup section */
		CA5E383F28F9A47A00969B85 /* LaunchScreen.storyboard */ = {
			isa = PBXVariantGroup;
			children = (
				CA5E384028F9A47A00969B85 /* Base */,
			);
			name = LaunchScreen.storyboard;
			sourceTree = "<group>";
		};
/* End PBXVariantGroup section */

/* Begin XCBuildConfiguration section */
		CA5E384328F9A47A00969B85 /* Debug */ = {
			isa = XCBuildConfiguration;
			buildSettings = {
				ALWAYS_SEARCH_USER_PATHS = NO;
				CLANG_ANALYZER_NONNULL = YES;
				CLANG_ANALYZER_NUMBER_OBJECT_CONVERSION = YES_AGGRESSIVE;
				CLANG_CXX_LANGUAGE_STANDARD = "gnu++20";
				CLANG_ENABLE_MODULES = YES;
				CLANG_ENABLE_OBJC_ARC = YES;
				CLANG_ENABLE_OBJC_WEAK = YES;
				CLANG_WARN_BLOCK_CAPTURE_AUTORELEASING = YES;
				CLANG_WARN_BOOL_CONVERSION = YES;
				CLANG_WARN_COMMA = YES;
				CLANG_WARN_CONSTANT_CONVERSION = YES;
				CLANG_WARN_DEPRECATED_OBJC_IMPLEMENTATIONS = YES;
				CLANG_WARN_DIRECT_OBJC_ISA_USAGE = YES_ERROR;
				CLANG_WARN_DOCUMENTATION_COMMENTS = YES;
				CLANG_WARN_EMPTY_BODY = YES;
				CLANG_WARN_ENUM_CONVERSION = YES;
				CLANG_WARN_INFINITE_RECURSION = YES;
				CLANG_WARN_INT_CONVERSION = YES;
				CLANG_WARN_NON_LITERAL_NULL_CONVERSION = YES;
				CLANG_WARN_OBJC_IMPLICIT_RETAIN_SELF = YES;
				CLANG_WARN_OBJC_LITERAL_CONVERSION = YES;
				CLANG_WARN_OBJC_ROOT_CLASS = YES_ERROR;
				CLANG_WARN_QUOTED_INCLUDE_IN_FRAMEWORK_HEADER = YES;
				CLANG_WARN_RANGE_LOOP_ANALYSIS = YES;
				CLANG_WARN_STRICT_PROTOTYPES = YES;
				CLANG_WARN_SUSPICIOUS_MOVE = YES;
				CLANG_WARN_UNGUARDED_AVAILABILITY = YES_AGGRESSIVE;
				CLANG_WARN_UNREACHABLE_CODE = YES;
				CLANG_WARN__DUPLICATE_METHOD_MATCH = YES;
				COPY_PHASE_STRIP = NO;
				DEBUG_INFORMATION_FORMAT = dwarf;
				ENABLE_STRICT_OBJC_MSGSEND = YES;
				ENABLE_TESTABILITY = YES;
				GCC_C_LANGUAGE_STANDARD = gnu11;
				GCC_DYNAMIC_NO_PIC = NO;
				GCC_NO_COMMON_BLOCKS = YES;
				GCC_OPTIMIZATION_LEVEL = 0;
				GCC_PREPROCESSOR_DEFINITIONS = (
					"DEBUG=1",
					"$(inherited)",
				);
				GCC_WARN_64_TO_32_BIT_CONVERSION = YES;
				GCC_WARN_ABOUT_RETURN_TYPE = YES_ERROR;
				GCC_WARN_UNDECLARED_SELECTOR = YES;
				GCC_WARN_UNINITIALIZED_AUTOS = YES_AGGRESSIVE;
				GCC_WARN_UNUSED_FUNCTION = YES;
				GCC_WARN_UNUSED_VARIABLE = YES;
				IPHONEOS_DEPLOYMENT_TARGET = 13.0;
				MTL_ENABLE_DEBUG_INFO = INCLUDE_SOURCE;
				MTL_FAST_MATH = YES;
				ONLY_ACTIVE_ARCH = YES;
				SDKROOT = iphoneos;
				SWIFT_ACTIVE_COMPILATION_CONDITIONS = DEBUG;
				SWIFT_OPTIMIZATION_LEVEL = "-Onone";
			};
			name = Debug;
		};
		CA5E384428F9A47A00969B85 /* Release */ = {
			isa = XCBuildConfiguration;
			buildSettings = {
				ALWAYS_SEARCH_USER_PATHS = NO;
				CLANG_ANALYZER_NONNULL = YES;
				CLANG_ANALYZER_NUMBER_OBJECT_CONVERSION = YES_AGGRESSIVE;
				CLANG_CXX_LANGUAGE_STANDARD = "gnu++20";
				CLANG_ENABLE_MODULES = YES;
				CLANG_ENABLE_OBJC_ARC = YES;
				CLANG_ENABLE_OBJC_WEAK = YES;
				CLANG_WARN_BLOCK_CAPTURE_AUTORELEASING = YES;
				CLANG_WARN_BOOL_CONVERSION = YES;
				CLANG_WARN_COMMA = YES;
				CLANG_WARN_CONSTANT_CONVERSION = YES;
				CLANG_WARN_DEPRECATED_OBJC_IMPLEMENTATIONS = YES;
				CLANG_WARN_DIRECT_OBJC_ISA_USAGE = YES_ERROR;
				CLANG_WARN_DOCUMENTATION_COMMENTS = YES;
				CLANG_WARN_EMPTY_BODY = YES;
				CLANG_WARN_ENUM_CONVERSION = YES;
				CLANG_WARN_INFINITE_RECURSION = YES;
				CLANG_WARN_INT_CONVERSION = YES;
				CLANG_WARN_NON_LITERAL_NULL_CONVERSION = YES;
				CLANG_WARN_OBJC_IMPLICIT_RETAIN_SELF = YES;
				CLANG_WARN_OBJC_LITERAL_CONVERSION = YES;
				CLANG_WARN_OBJC_ROOT_CLASS = YES_ERROR;
				CLANG_WARN_QUOTED_INCLUDE_IN_FRAMEWORK_HEADER = YES;
				CLANG_WARN_RANGE_LOOP_ANALYSIS = YES;
				CLANG_WARN_STRICT_PROTOTYPES = YES;
				CLANG_WARN_SUSPICIOUS_MOVE = YES;
				CLANG_WARN_UNGUARDED_AVAILABILITY = YES_AGGRESSIVE;
				CLANG_WARN_UNREACHABLE_CODE = YES;
				CLANG_WARN__DUPLICATE_METHOD_MATCH = YES;
				COPY_PHASE_STRIP = NO;
				DEBUG_INFORMATION_FORMAT = "dwarf-with-dsym";
				ENABLE_NS_ASSERTIONS = NO;
				ENABLE_STRICT_OBJC_MSGSEND = YES;
				GCC_C_LANGUAGE_STANDARD = gnu11;
				GCC_NO_COMMON_BLOCKS = YES;
				GCC_WARN_64_TO_32_BIT_CONVERSION = YES;
				GCC_WARN_ABOUT_RETURN_TYPE = YES_ERROR;
				GCC_WARN_UNDECLARED_SELECTOR = YES;
				GCC_WARN_UNINITIALIZED_AUTOS = YES_AGGRESSIVE;
				GCC_WARN_UNUSED_FUNCTION = YES;
				GCC_WARN_UNUSED_VARIABLE = YES;
				IPHONEOS_DEPLOYMENT_TARGET = 13.0;
				MTL_ENABLE_DEBUG_INFO = NO;
				MTL_FAST_MATH = YES;
				SDKROOT = iphoneos;
				SWIFT_COMPILATION_MODE = wholemodule;
				SWIFT_OPTIMIZATION_LEVEL = "-O";
				VALIDATE_PRODUCT = YES;
			};
			name = Release;
		};
		CA5E384628F9A47A00969B85 /* Debug */ = {
			isa = XCBuildConfiguration;
			baseConfigurationReference = 9BD87BCF4D39E3289C8AC9BF /* Pods-ios-nulp-schedule.debug.xcconfig */;
			buildSettings = {
				ASSETCATALOG_COMPILER_APPICON_NAME = AppIcon;
				ASSETCATALOG_COMPILER_GLOBAL_ACCENT_COLOR_NAME = AccentColor;
				CODE_SIGN_STYLE = Automatic;
				CURRENT_PROJECT_VERSION = 1;
				DEVELOPMENT_TEAM = 3NKC4R595S;
				GENERATE_INFOPLIST_FILE = YES;
				INFOPLIST_FILE = "ios-nulp-schedule/Info.plist";
				INFOPLIST_KEY_CFBundleDisplayName = "NULP Schedule";
				INFOPLIST_KEY_LSApplicationCategoryType = "public.app-category.education";
				INFOPLIST_KEY_UIApplicationSupportsIndirectInputEvents = YES;
				INFOPLIST_KEY_UILaunchStoryboardName = LaunchScreen.storyboard;
				INFOPLIST_KEY_UIMainStoryboardFile = "";
				INFOPLIST_KEY_UISupportedInterfaceOrientations = UIInterfaceOrientationPortrait;
				INFOPLIST_KEY_UISupportedInterfaceOrientations_iPad = "UIInterfaceOrientationLandscapeLeft UIInterfaceOrientationLandscapeRight UIInterfaceOrientationPortrait UIInterfaceOrientationPortraitUpsideDown";
				IPHONEOS_DEPLOYMENT_TARGET = 13.0;
				LD_RUNPATH_SEARCH_PATHS = (
					"$(inherited)",
					"@executable_path/Frameworks",
				);
				MARKETING_VERSION = 1.0;
				PRODUCT_BUNDLE_IDENTIFIER = "com.ios-nulp-schedule";
				PRODUCT_NAME = "$(TARGET_NAME)";
				SUPPORTED_PLATFORMS = "iphoneos iphonesimulator";
				SUPPORTS_MACCATALYST = NO;
				SUPPORTS_MAC_DESIGNED_FOR_IPHONE_IPAD = NO;
				SWIFT_EMIT_LOC_STRINGS = YES;
				SWIFT_VERSION = 5.0;
				TARGETED_DEVICE_FAMILY = 1;
			};
			name = Debug;
		};
		CA5E384728F9A47A00969B85 /* Release */ = {
			isa = XCBuildConfiguration;
			baseConfigurationReference = EB7A1399D592E9DA9FC7BAC0 /* Pods-ios-nulp-schedule.release.xcconfig */;
			buildSettings = {
				ASSETCATALOG_COMPILER_APPICON_NAME = AppIcon;
				ASSETCATALOG_COMPILER_GLOBAL_ACCENT_COLOR_NAME = AccentColor;
				CODE_SIGN_STYLE = Automatic;
				CURRENT_PROJECT_VERSION = 1;
				DEVELOPMENT_TEAM = 3NKC4R595S;
				GENERATE_INFOPLIST_FILE = YES;
				INFOPLIST_FILE = "ios-nulp-schedule/Info.plist";
				INFOPLIST_KEY_CFBundleDisplayName = "NULP Schedule";
				INFOPLIST_KEY_LSApplicationCategoryType = "public.app-category.education";
				INFOPLIST_KEY_UIApplicationSupportsIndirectInputEvents = YES;
				INFOPLIST_KEY_UILaunchStoryboardName = LaunchScreen.storyboard;
				INFOPLIST_KEY_UIMainStoryboardFile = "";
				INFOPLIST_KEY_UISupportedInterfaceOrientations = UIInterfaceOrientationPortrait;
				INFOPLIST_KEY_UISupportedInterfaceOrientations_iPad = "UIInterfaceOrientationLandscapeLeft UIInterfaceOrientationLandscapeRight UIInterfaceOrientationPortrait UIInterfaceOrientationPortraitUpsideDown";
				IPHONEOS_DEPLOYMENT_TARGET = 13.0;
				LD_RUNPATH_SEARCH_PATHS = (
					"$(inherited)",
					"@executable_path/Frameworks",
				);
				MARKETING_VERSION = 1.0;
				PRODUCT_BUNDLE_IDENTIFIER = "com.ios-nulp-schedule";
				PRODUCT_NAME = "$(TARGET_NAME)";
				SUPPORTED_PLATFORMS = "iphoneos iphonesimulator";
				SUPPORTS_MACCATALYST = NO;
				SUPPORTS_MAC_DESIGNED_FOR_IPHONE_IPAD = NO;
				SWIFT_EMIT_LOC_STRINGS = YES;
				SWIFT_VERSION = 5.0;
				TARGETED_DEVICE_FAMILY = 1;
			};
			name = Release;
		};
/* End XCBuildConfiguration section */

/* Begin XCConfigurationList section */
		CA5E382C28F9A47800969B85 /* Build configuration list for PBXProject "ios-nulp-schedule" */ = {
			isa = XCConfigurationList;
			buildConfigurations = (
				CA5E384328F9A47A00969B85 /* Debug */,
				CA5E384428F9A47A00969B85 /* Release */,
			);
			defaultConfigurationIsVisible = 0;
			defaultConfigurationName = Release;
		};
		CA5E384528F9A47A00969B85 /* Build configuration list for PBXNativeTarget "ios-nulp-schedule" */ = {
			isa = XCConfigurationList;
			buildConfigurations = (
				CA5E384628F9A47A00969B85 /* Debug */,
				CA5E384728F9A47A00969B85 /* Release */,
			);
			defaultConfigurationIsVisible = 0;
			defaultConfigurationName = Release;
		};
/* End XCConfigurationList section */
	};
	rootObject = CA5E382928F9A47800969B85 /* Project object */;
}
